// !$*UTF8*$!
{
	archiveVersion = 1;
	classes = {
	};
	objectVersion = 46;
	objects = {

/* Begin PBXBuildFile section */
		96B721B01CDC32DD00A3CA6D /* main.m in Sources */ = {isa = PBXBuildFile; fileRef = 96B721AF1CDC32DD00A3CA6D /* main.m */; };
		96B721B81CDC33B000A3CA6D /* Doctor.m in Sources */ = {isa = PBXBuildFile; fileRef = 96B721B71CDC33B000A3CA6D /* Doctor.m */; };
		96B721BB1CDC33C400A3CA6D /* Patient.m in Sources */ = {isa = PBXBuildFile; fileRef = 96B721BA1CDC33C400A3CA6D /* Patient.m */; };
/* End PBXBuildFile section */

/* Begin PBXCopyFilesBuildPhase section */
		96B721AA1CDC32DD00A3CA6D /* CopyFiles */ = {
			isa = PBXCopyFilesBuildPhase;
			buildActionMask = 2147483647;
			dstPath = /usr/share/man/man1/;
			dstSubfolderSpec = 0;
			files = (
			);
			runOnlyForDeploymentPostprocessing = 1;
		};
/* End PBXCopyFilesBuildPhase section */

/* Begin PBXFileReference section */
		96B721AC1CDC32DD00A3CA6D /* LHL-DoctorPatient */ = {isa = PBXFileReference; explicitFileType = "compiled.mach-o.executable"; includeInIndex = 0; path = "LHL-DoctorPatient"; sourceTree = BUILT_PRODUCTS_DIR; };
		96B721AF1CDC32DD00A3CA6D /* main.m */ = {isa = PBXFileReference; lastKnownFileType = sourcecode.c.objc; path = main.m; sourceTree = "<group>"; };
		96B721B61CDC33B000A3CA6D /* Doctor.h */ = {isa = PBXFileReference; fileEncoding = 4; lastKnownFileType = sourcecode.c.h; path = Doctor.h; sourceTree = "<group>"; };
		96B721B71CDC33B000A3CA6D /* Doctor.m */ = {isa = PBXFileReference; fileEncoding = 4; lastKnownFileType = sourcecode.c.objc; path = Doctor.m; sourceTree = "<group>"; };
		96B721B91CDC33C400A3CA6D /* Patient.h */ = {isa = PBXFileReference; fileEncoding = 4; lastKnownFileType = sourcecode.c.h; path = Patient.h; sourceTree = "<group>"; };
		96B721BA1CDC33C400A3CA6D /* Patient.m */ = {isa = PBXFileReference; fileEncoding = 4; lastKnownFileType = sourcecode.c.objc; path = Patient.m; sourceTree = "<group>"; };
/* End PBXFileReference section */

/* Begin PBXFrameworksBuildPhase section */
		96B721A91CDC32DD00A3CA6D /* Frameworks */ = {
			isa = PBXFrameworksBuildPhase;
			buildActionMask = 2147483647;
			files = (
			);
			runOnlyForDeploymentPostprocessing = 0;
		};
/* End PBXFrameworksBuildPhase section */

/* Begin PBXGroup section */
		96B721A31CDC32DD00A3CA6D = {
			isa = PBXGroup;
			children = (
				96B721AE1CDC32DD00A3CA6D /* LHL-DoctorPatient */,
				96B721AD1CDC32DD00A3CA6D /* Products */,
			);
			sourceTree = "<group>";
		};
		96B721AD1CDC32DD00A3CA6D /* Products */ = {
			isa = PBXGroup;
			children = (
				96B721AC1CDC32DD00A3CA6D /* LHL-DoctorPatient */,
			);
			name = Products;
			sourceTree = "<group>";
		};
		96B721AE1CDC32DD00A3CA6D /* LHL-DoctorPatient */ = {
			isa = PBXGroup;
			children = (
				96B721AF1CDC32DD00A3CA6D /* main.m */,
				96B721B61CDC33B000A3CA6D /* Doctor.h */,
				96B721B71CDC33B000A3CA6D /* Doctor.m */,
				96B721B91CDC33C400A3CA6D /* Patient.h */,
				96B721BA1CDC33C400A3CA6D /* Patient.m */,
			);
			path = "LHL-DoctorPatient";
			sourceTree = "<group>";
		};
/* End PBXGroup section */

/* Begin PBXNativeTarget section */
		96B721AB1CDC32DD00A3CA6D /* LHL-DoctorPatient */ = {
			isa = PBXNativeTarget;
			buildConfigurationList = 96B721B31CDC32DD00A3CA6D /* Build configuration list for PBXNativeTarget "LHL-DoctorPatient" */;
			buildPhases = (
				96B721A81CDC32DD00A3CA6D /* Sources */,
				96B721A91CDC32DD00A3CA6D /* Frameworks */,
				96B721AA1CDC32DD00A3CA6D /* CopyFiles */,
			);
			buildRules = (
			);
			dependencies = (
			);
			name = "LHL-DoctorPatient";
			productName = "LHL-DoctorPatient";
			productReference = 96B721AC1CDC32DD00A3CA6D /* LHL-DoctorPatient */;
			productType = "com.apple.product-type.tool";
		};
/* End PBXNativeTarget section */

/* Begin PBXProject section */
		96B721A41CDC32DD00A3CA6D /* Project object */ = {
			isa = PBXProject;
			attributes = {
				LastUpgradeCheck = 0730;
				ORGANIZATIONNAME = "Asuka Nakagawa";
				TargetAttributes = {
					96B721AB1CDC32DD00A3CA6D = {
						CreatedOnToolsVersion = 7.3;
					};
				};
			};
			buildConfigurationList = 96B721A71CDC32DD00A3CA6D /* Build configuration list for PBXProject "LHL-DoctorPatient" */;
			compatibilityVersion = "Xcode 3.2";
			developmentRegion = English;
			hasScannedForEncodings = 0;
			knownRegions = (
				en,
			);
			mainGroup = 96B721A31CDC32DD00A3CA6D;
			productRefGroup = 96B721AD1CDC32DD00A3CA6D /* Products */;
			projectDirPath = "";
			projectRoot = "";
			targets = (
				96B721AB1CDC32DD00A3CA6D /* LHL-DoctorPatient */,
			);
		};
/* End PBXProject section */

/* Begin PBXSourcesBuildPhase section */
		96B721A81CDC32DD00A3CA6D /* Sources */ = {
			isa = PBXSourcesBuildPhase;
			buildActionMask = 2147483647;
			files = (
				96B721BB1CDC33C400A3CA6D /* Patient.m in Sources */,
				96B721B81CDC33B000A3CA6D /* Doctor.m in Sources */,
				96B721B01CDC32DD00A3CA6D /* main.m in Sources */,
			);
			runOnlyForDeploymentPostprocessing = 0;
		};
/* End PBXSourcesBuildPhase section */

/* Begin XCBuildConfiguration section */
		96B721B11CDC32DD00A3CA6D /* Debug */ = {
			isa = XCBuildConfiguration;
			buildSettings = {
				ALWAYS_SEARCH_USER_PATHS = NO;
				CLANG_ANALYZER_NONNULL = YES;
				CLANG_CXX_LANGUAGE_STANDARD = "gnu++0x";
				CLANG_CXX_LIBRARY = "libc++";
				CLANG_ENABLE_MODULES = YES;
				CLANG_ENABLE_OBJC_ARC = YES;
				CLANG_WARN_BOOL_CONVERSION = YES;
				CLANG_WARN_CONSTANT_CONVERSION = YES;
				CLANG_WARN_DIRECT_OBJC_ISA_USAGE = YES_ERROR;
				CLANG_WARN_EMPTY_BODY = YES;
				CLANG_WARN_ENUM_CONVERSION = YES;
				CLANG_WARN_INT_CONVERSION = YES;
				CLANG_WARN_OBJC_ROOT_CLASS = YES_ERROR;
				CLANG_WARN_UNREACHABLE_CODE = YES;
				CLANG_WARN__DUPLICATE_METHOD_MATCH = YES;
				CODE_SIGN_IDENTITY = "-";
				COPY_PHASE_STRIP = NO;
				DEBUG_INFORMATION_FORMAT = dwarf;
				ENABLE_STRICT_OBJC_MSGSEND = YES;
				ENABLE_TESTABILITY = YES;
				GCC_C_LANGUAGE_STANDARD = gnu99;
				GCC_DYNAMIC_NO_PIC = NO;
				GCC_NO_COMMON_BLOCKS = YES;
				GCC_OPTIMIZATION_LEVEL = 0;
				GCC_PREPROCESSOR_DEFINITIONS = (
					"DEBUG=1",
					"$(inherited)",
				);
				GCC_WARN_64_TO_32_BIT_CONVERSION = YES;
				GCC_WARN_ABOUT_RETURN_TYPE = YES_ERROR;
				GCC_WARN_UNDECLARED_SELECTOR = YES;
				GCC_WARN_UNINITIALIZED_AUTOS = YES_AGGRESSIVE;
				GCC_WARN_UNUSED_FUNCTION = YES;
				GCC_WARN_UNUSED_VARIABLE = YES;
				MACOSX_DEPLOYMENT_TARGET = 10.11;
				MTL_ENABLE_DEBUG_INFO = YES;
				ONLY_ACTIVE_ARCH = YES;
				SDKROOT = macosx;
			};
			name = Debug;
		};
		96B721B21CDC32DD00A3CA6D /* Release */ = {
			isa = XCBuildConfiguration;
			buildSettings = {
				ALWAYS_SEARCH_USER_PATHS = NO;
				CLANG_ANALYZER_NONNULL = YES;
				CLANG_CXX_LANGUAGE_STANDARD = "gnu++0x";
				CLANG_CXX_LIBRARY = "libc++";
				CLANG_ENABLE_MODULES = YES;
				CLANG_ENABLE_OBJC_ARC = YES;
				CLANG_WARN_BOOL_CONVERSION = YES;
				CLANG_WARN_CONSTANT_CONVERSION = YES;
				CLANG_WARN_DIRECT_OBJC_ISA_USAGE = YES_ERROR;
				CLANG_WARN_EMPTY_BODY = YES;
				CLANG_WARN_ENUM_CONVERSION = YES;
				CLANG_WARN_INT_CONVERSION = YES;
				CLANG_WARN_OBJC_ROOT_CLASS = YES_ERROR;
				CLANG_WARN_UNREACHABLE_CODE = YES;
				CLANG_WARN__DUPLICATE_METHOD_MATCH = YES;
				CODE_SIGN_IDENTITY = "-";
				COPY_PHASE_STRIP = NO;
				DEBUG_INFORMATION_FORMAT = "dwarf-with-dsym";
				ENABLE_NS_ASSERTIONS = NO;
				ENABLE_STRICT_OBJC_MSGSEND = YES;
				GCC_C_LANGUAGE_STANDARD = gnu99;
				GCC_NO_COMMON_BLOCKS = YES;
				GCC_WARN_64_TO_32_BIT_CONVERSION = YES;
				GCC_WARN_ABOUT_RETURN_TYPE = YES_ERROR;
				GCC_WARN_UNDECLARED_SELECTOR = YES;
				GCC_WARN_UNINITIALIZED_AUTOS = YES_AGGRESSIVE;
				GCC_WARN_UNUSED_FUNCTION = YES;
				GCC_WARN_UNUSED_VARIABLE = YES;
				MACOSX_DEPLOYMENT_TARGET = 10.11;
				MTL_ENABLE_DEBUG_INFO = NO;
				SDKROOT = macosx;
			};
			name = Release;
		};
		96B721B41CDC32DD00A3CA6D /* Debug */ = {
			isa = XCBuildConfiguration;
			buildSettings = {
				PRODUCT_NAME = "$(TARGET_NAME)";
			};
			name = Debug;
		};
		96B721B51CDC32DD00A3CA6D /* Release */ = {
			isa = XCBuildConfiguration;
			buildSettings = {
				PRODUCT_NAME = "$(TARGET_NAME)";
			};
			name = Release;
		};
/* End XCBuildConfiguration section */

/* Begin XCConfigurationList section */
		96B721A71CDC32DD00A3CA6D /* Build configuration list for PBXProject "LHL-DoctorPatient" */ = {
			isa = XCConfigurationList;
			buildConfigurations = (
				96B721B11CDC32DD00A3CA6D /* Debug */,
				96B721B21CDC32DD00A3CA6D /* Release */,
			);
			defaultConfigurationIsVisible = 0;
			defaultConfigurationName = Release;
		};
		96B721B31CDC32DD00A3CA6D /* Build configuration list for PBXNativeTarget "LHL-DoctorPatient" */ = {
			isa = XCConfigurationList;
			buildConfigurations = (
				96B721B41CDC32DD00A3CA6D /* Debug */,
				96B721B51CDC32DD00A3CA6D /* Release */,
			);
			defaultConfigurationIsVisible = 0;
		};
/* End XCConfigurationList section */
	};
	rootObject = 96B721A41CDC32DD00A3CA6D /* Project object */;
}
